
Microsoft Visual Studio Solution File, Format Version 12.00
# Visual Studio Version 16
VisualStudioVersion = 16.0.31605.320
MinimumVisualStudioVersion = 10.0.40219.1
Project("{FAE04EC0-301F-11D3-BF4B-00C04F79EFBC}") = "ข้อหนึ่งแฮงค์แมน", "ข้อหนึ่งแฮงค์แมน\ข้อหนึ่งแฮงค์แมน.csproj", "{2A4D663A-65A1-4123-8929-241DC2BAC274}"
EndProject
Global
	GlobalSection(SolutionConfigurationPlatforms) = preSolution
		Debug|Any CPU = Debug|Any CPU
		Release|Any CPU = Release|Any CPU
	EndGlobalSection
	GlobalSection(ProjectConfigurationPlatforms) = postSolution
		{2A4D663A-65A1-4123-8929-241DC2BAC274}.Debug|Any CPU.ActiveCfg = Debug|Any CPU
		{2A4D663A-65A1-4123-8929-241DC2BAC274}.Debug|Any CPU.Build.0 = Debug|Any CPU
		{2A4D663A-65A1-4123-8929-241DC2BAC274}.Release|Any CPU.ActiveCfg = Release|Any CPU
		{2A4D663A-65A1-4123-8929-241DC2BAC274}.Release|Any CPU.Build.0 = Release|Any CPU
	EndGlobalSection
	GlobalSection(SolutionProperties) = preSolution
		HideSolutionNode = FALSE
	EndGlobalSection
	GlobalSection(ExtensibilityGlobals) = postSolution
		SolutionGuid = {36D12388-EF14-4600-A101-8419FC2A54F5}
	EndGlobalSection
EndGlobal
